
Microsoft Visual Studio Solution File, Format Version 12.00
# Visual Studio Version 17
VisualStudioVersion = 17.10.34928.147
MinimumVisualStudioVersion = 10.0.40219.1
Project("{FAE04EC0-301F-11D3-BF4B-00C04F79EFBC}") = "kursovaia", "kursovaia\kursovaia.csproj", "{D8ED3E30-A438-42D8-ACBC-90FDC836D6B4}"
EndProject
Project("{FAE04EC0-301F-11D3-BF4B-00C04F79EFBC}") = "kursovaia.Tests", "kursovaia.Tests\kursovaia.Tests.csproj", "{707DDB38-2B70-4ADE-8736-A47B2BD94896}"
EndProject
Global
	GlobalSection(SolutionConfigurationPlatforms) = preSolution
		Debug|Any CPU = Debug|Any CPU
		Release|Any CPU = Release|Any CPU
	EndGlobalSection
	GlobalSection(ProjectConfigurationPlatforms) = postSolution
		{D8ED3E30-A438-42D8-ACBC-90FDC836D6B4}.Debug|Any CPU.ActiveCfg = Debug|Any CPU
		{D8ED3E30-A438-42D8-ACBC-90FDC836D6B4}.Debug|Any CPU.Build.0 = Debug|Any CPU
		{D8ED3E30-A438-42D8-ACBC-90FDC836D6B4}.Release|Any CPU.ActiveCfg = Release|Any CPU
		{D8ED3E30-A438-42D8-ACBC-90FDC836D6B4}.Release|Any CPU.Build.0 = Release|Any CPU
		{707DDB38-2B70-4ADE-8736-A47B2BD94896}.Debug|Any CPU.ActiveCfg = Debug|Any CPU
		{707DDB38-2B70-4ADE-8736-A47B2BD94896}.Debug|Any CPU.Build.0 = Debug|Any CPU
		{707DDB38-2B70-4ADE-8736-A47B2BD94896}.Release|Any CPU.ActiveCfg = Release|Any CPU
		{707DDB38-2B70-4ADE-8736-A47B2BD94896}.Release|Any CPU.Build.0 = Release|Any CPU
	EndGlobalSection
	GlobalSection(SolutionProperties) = preSolution
		HideSolutionNode = FALSE
	EndGlobalSection
	GlobalSection(ExtensibilityGlobals) = postSolution
		SolutionGuid = {51D94A28-6AB4-43E6-B697-1C0248392885}
	EndGlobalSection
EndGlobal
